
Microsoft Visual Studio Solution File, Format Version 12.00
# Visual Studio Version 17
VisualStudioVersion = 17.0.31919.166
MinimumVisualStudioVersion = 10.0.40219.1
Project("{2150E333-8FDC-42A3-9474-1A3956D46DE8}") = "20211207-DataAccessAdoNet", "20211207-DataAccessAdoNet", "{E828CC33-FB93-43D9-8F28-3C0B97A8CA53}"
EndProject
Project("{FAE04EC0-301F-11D3-BF4B-00C04F79EFBC}") = "00-DataAccessGiris", "00-DataAccessGiris\00-DataAccessGiris.csproj", "{06D77FDF-06CD-4357-AF17-75FAC7734278}"
EndProject
Project("{FAE04EC0-301F-11D3-BF4B-00C04F79EFBC}") = "01-DataAccess-OgrenciBul", "01-DataAccess-OgrenciBul\01-DataAccess-OgrenciBul.csproj", "{D75DE257-B007-49F0-8329-437FC6966168}"
EndProject
Project("{FAE04EC0-301F-11D3-BF4B-00C04F79EFBC}") = "02-DataAccess-SehirAdet", "02-DataAccess-SehirAdet\02-DataAccess-SehirAdet.csproj", "{673CAC05-79F7-4C93-AB3F-D48EB69B7A05}"
EndProject
Project("{FAE04EC0-301F-11D3-BF4B-00C04F79EFBC}") = "03-SehirBolgeListele", "03-SehirBolgeListele\03-SehirBolgeListele.csproj", "{B8EAF87F-0E52-438F-A697-F20BFFFEB6AD}"
EndProject
Project("{FAE04EC0-301F-11D3-BF4B-00C04F79EFBC}") = "04-OgrenciBilgiSistemi", "04-OgrenciBilgiSistemi\04-OgrenciBilgiSistemi.csproj", "{29185933-2F67-4946-A70F-4C762FBD49E5}"
EndProject
Global
	GlobalSection(SolutionConfigurationPlatforms) = preSolution
		Debug|Any CPU = Debug|Any CPU
		Release|Any CPU = Release|Any CPU
	EndGlobalSection
	GlobalSection(ProjectConfigurationPlatforms) = postSolution
		{06D77FDF-06CD-4357-AF17-75FAC7734278}.Debug|Any CPU.ActiveCfg = Debug|Any CPU
		{06D77FDF-06CD-4357-AF17-75FAC7734278}.Debug|Any CPU.Build.0 = Debug|Any CPU
		{06D77FDF-06CD-4357-AF17-75FAC7734278}.Release|Any CPU.ActiveCfg = Release|Any CPU
		{06D77FDF-06CD-4357-AF17-75FAC7734278}.Release|Any CPU.Build.0 = Release|Any CPU
		{D75DE257-B007-49F0-8329-437FC6966168}.Debug|Any CPU.ActiveCfg = Debug|Any CPU
		{D75DE257-B007-49F0-8329-437FC6966168}.Debug|Any CPU.Build.0 = Debug|Any CPU
		{D75DE257-B007-49F0-8329-437FC6966168}.Release|Any CPU.ActiveCfg = Release|Any CPU
		{D75DE257-B007-49F0-8329-437FC6966168}.Release|Any CPU.Build.0 = Release|Any CPU
		{673CAC05-79F7-4C93-AB3F-D48EB69B7A05}.Debug|Any CPU.ActiveCfg = Debug|Any CPU
		{673CAC05-79F7-4C93-AB3F-D48EB69B7A05}.Debug|Any CPU.Build.0 = Debug|Any CPU
		{673CAC05-79F7-4C93-AB3F-D48EB69B7A05}.Release|Any CPU.ActiveCfg = Release|Any CPU
		{673CAC05-79F7-4C93-AB3F-D48EB69B7A05}.Release|Any CPU.Build.0 = Release|Any CPU
		{B8EAF87F-0E52-438F-A697-F20BFFFEB6AD}.Debug|Any CPU.ActiveCfg = Debug|Any CPU
		{B8EAF87F-0E52-438F-A697-F20BFFFEB6AD}.Debug|Any CPU.Build.0 = Debug|Any CPU
		{B8EAF87F-0E52-438F-A697-F20BFFFEB6AD}.Release|Any CPU.ActiveCfg = Release|Any CPU
		{B8EAF87F-0E52-438F-A697-F20BFFFEB6AD}.Release|Any CPU.Build.0 = Release|Any CPU
		{29185933-2F67-4946-A70F-4C762FBD49E5}.Debug|Any CPU.ActiveCfg = Debug|Any CPU
		{29185933-2F67-4946-A70F-4C762FBD49E5}.Debug|Any CPU.Build.0 = Debug|Any CPU
		{29185933-2F67-4946-A70F-4C762FBD49E5}.Release|Any CPU.ActiveCfg = Release|Any CPU
		{29185933-2F67-4946-A70F-4C762FBD49E5}.Release|Any CPU.Build.0 = Release|Any CPU
	EndGlobalSection
	GlobalSection(SolutionProperties) = preSolution
		HideSolutionNode = FALSE
	EndGlobalSection
	GlobalSection(NestedProjects) = preSolution
		{06D77FDF-06CD-4357-AF17-75FAC7734278} = {E828CC33-FB93-43D9-8F28-3C0B97A8CA53}
		{D75DE257-B007-49F0-8329-437FC6966168} = {E828CC33-FB93-43D9-8F28-3C0B97A8CA53}
		{673CAC05-79F7-4C93-AB3F-D48EB69B7A05} = {E828CC33-FB93-43D9-8F28-3C0B97A8CA53}
		{B8EAF87F-0E52-438F-A697-F20BFFFEB6AD} = {E828CC33-FB93-43D9-8F28-3C0B97A8CA53}
		{29185933-2F67-4946-A70F-4C762FBD49E5} = {E828CC33-FB93-43D9-8F28-3C0B97A8CA53}
	EndGlobalSection
	GlobalSection(ExtensibilityGlobals) = postSolution
		SolutionGuid = {904DA59B-39DC-4148-8AF0-BBDBD73467AF}
	EndGlobalSection
EndGlobal
