
Microsoft Visual Studio Solution File, Format Version 12.00
# Visual Studio Version 17
VisualStudioVersion = 17.0.31919.166
MinimumVisualStudioVersion = 10.0.40219.1
Project("{2150E333-8FDC-42A3-9474-1A3956D46DE8}") = "20211207-DataAccessAdoNet", "20211207-DataAccessAdoNet", "{E828CC33-FB93-43D9-8F28-3C0B97A8CA53}"
EndProject
Project("{FAE04EC0-301F-11D3-BF4B-00C04F79EFBC}") = "00-DataAccessGiris", "00-DataAccessGiris\00-DataAccessGiris.csproj", "{06D77FDF-06CD-4357-AF17-75FAC7734278}"
EndProject
Project("{FAE04EC0-301F-11D3-BF4B-00C04F79EFBC}") = "01-DataAccess-OgrenciBul", "01-DataAccess-OgrenciBul\01-DataAccess-OgrenciBul.csproj", "{D75DE257-B007-49F0-8329-437FC6966168}"
EndProject
Project("{FAE04EC0-301F-11D3-BF4B-00C04F79EFBC}") = "02-DataAccess-SehirAdet", "02-DataAccess-SehirAdet\02-DataAccess-SehirAdet.csproj", "{673CAC05-79F7-4C93-AB3F-D48EB69B7A05}"
EndProject
Project("{FAE04EC0-301F-11D3-BF4B-00C04F79EFBC}") = "03-SehirBolgeListele", "03-SehirBolgeListele\03-SehirBolgeListele.csproj", "{B8EAF87F-0E52-438F-A697-F20BFFFEB6AD}"
EndProject
Project("{FAE04EC0-301F-11D3-BF4B-00C04F79EFBC}") = "04-OgrenciBilgiSistemi", "04-OgrenciBilgiSistemi\04-OgrenciBilgiSistemi.csproj", "{29185933-2F67-4946-A70F-4C762FBD49E5}"
EndProject
Project("{2150E333-8FDC-42A3-9474-1A3956D46DE8}") = "20211208-OdoNet_Devam", "20211208-OdoNet_Devam", "{FE10924D-942F-457F-9549-31694F9231D7}"
EndProject
Project("{FAE04EC0-301F-11D3-BF4B-00C04F79EFBC}") = "00-ChinookTracks", "00-ChinookTracks\00-ChinookTracks.csproj", "{F902B997-2C82-49BB-A504-5CECDF1AB6CB}"
EndProject
Project("{FAE04EC0-301F-11D3-BF4B-00C04F79EFBC}") = "01-Northwind", "01-Northwind\01-Northwind.csproj", "{C2304D11-F39C-45A5-89A8-752B1A284BB2}"
EndProject
Project("{FAE04EC0-301F-11D3-BF4B-00C04F79EFBC}") = "02-HayvanlarGrup", "02-HayvanlarGrup\02-HayvanlarGrup.csproj", "{9728727B-5555-4ECE-8215-17158ED46C39}"
EndProject
Project("{FAE04EC0-301F-11D3-BF4B-00C04F79EFBC}") = "03-MovieWorld", "03-MovieWorld\03-MovieWorld.csproj", "{4C381755-9D75-44B5-A19F-224D10721DEB}"
EndProject
Project("{2150E333-8FDC-42A3-9474-1A3956D46DE8}") = "20211209-DisconnectedMimari", "20211209-DisconnectedMimari", "{A21CAEBA-425A-460A-A0E6-6E27231DDF65}"
EndProject
Project("{FAE04EC0-301F-11D3-BF4B-00C04F79EFBC}") = "00-YapilacaklarListesi", "00-YapilacaklarListesi\00-YapilacaklarListesi.csproj", "{B8513BDC-A358-43E3-A581-4751B65D06FC}"
EndProject
Project("{FAE04EC0-301F-11D3-BF4B-00C04F79EFBC}") = "01-NorthwindDisconnected", "01-NorthwindDisconnected\01-NorthwindDisconnected.csproj", "{3BC7A8E9-BA61-47E6-909F-C4383239E249}"
EndProject
Project("{FAE04EC0-301F-11D3-BF4B-00C04F79EFBC}") = "02-EfDatabaseFirstGiris", "02-EfDatabaseFirstGiris\02-EfDatabaseFirstGiris.csproj", "{2CA43B54-EB0D-4114-A2C6-4B84B333A05D}"
EndProject
Project("{2150E333-8FDC-42A3-9474-1A3956D46DE8}") = "20211210-DcExercises", "20211210-DcExercises", "{BFBBCBE3-B1C4-4E63-9A11-EE8256091705}"
EndProject
Project("{FAE04EC0-301F-11D3-BF4B-00C04F79EFBC}") = "00-DcChinook", "00-DcChinook\00-DcChinook.csproj", "{BFF71811-C117-439A-83C0-19872FFC9B5B}"
EndProject
Project("{FAE04EC0-301F-11D3-BF4B-00C04F79EFBC}") = "01-NorthwindDbFirst", "01-NorthwindDbFirst\01-NorthwindDbFirst.csproj", "{955499E8-6671-459D-B835-78A9D3104615}"
EndProject
Project("{FAE04EC0-301F-11D3-BF4B-00C04F79EFBC}") = "02-NorthwindDbFirst2", "02-NorthwindDbFirst2\02-NorthwindDbFirst2.csproj", "{1B1E4683-5725-4D08-ABB0-C5E320EB2308}"
EndProject
Project("{FAE04EC0-301F-11D3-BF4B-00C04F79EFBC}") = "03-EntityFrameworkCodeFirstGiris", "03-EntityFrameworkCodeFirstGiris\03-EntityFrameworkCodeFirstGiris.csproj", "{C7C4B0FB-0B84-41E6-9B4E-59FE6B60D9F4}"
EndProject
Project("{FAE04EC0-301F-11D3-BF4B-00C04F79EFBC}") = "04-EfCfCRUD-Islemleri", "04-EfCfCRUD-Islemleri\04-EfCfCRUD-Islemleri.csproj", "{977C0646-3F54-4D3F-82CA-7FC60C6690BA}"
EndProject
Global
	GlobalSection(SolutionConfigurationPlatforms) = preSolution
		Debug|Any CPU = Debug|Any CPU
		Release|Any CPU = Release|Any CPU
	EndGlobalSection
	GlobalSection(ProjectConfigurationPlatforms) = postSolution
		{06D77FDF-06CD-4357-AF17-75FAC7734278}.Debug|Any CPU.ActiveCfg = Debug|Any CPU
		{06D77FDF-06CD-4357-AF17-75FAC7734278}.Debug|Any CPU.Build.0 = Debug|Any CPU
		{06D77FDF-06CD-4357-AF17-75FAC7734278}.Release|Any CPU.ActiveCfg = Release|Any CPU
		{06D77FDF-06CD-4357-AF17-75FAC7734278}.Release|Any CPU.Build.0 = Release|Any CPU
		{D75DE257-B007-49F0-8329-437FC6966168}.Debug|Any CPU.ActiveCfg = Debug|Any CPU
		{D75DE257-B007-49F0-8329-437FC6966168}.Debug|Any CPU.Build.0 = Debug|Any CPU
		{D75DE257-B007-49F0-8329-437FC6966168}.Release|Any CPU.ActiveCfg = Release|Any CPU
		{D75DE257-B007-49F0-8329-437FC6966168}.Release|Any CPU.Build.0 = Release|Any CPU
		{673CAC05-79F7-4C93-AB3F-D48EB69B7A05}.Debug|Any CPU.ActiveCfg = Debug|Any CPU
		{673CAC05-79F7-4C93-AB3F-D48EB69B7A05}.Debug|Any CPU.Build.0 = Debug|Any CPU
		{673CAC05-79F7-4C93-AB3F-D48EB69B7A05}.Release|Any CPU.ActiveCfg = Release|Any CPU
		{673CAC05-79F7-4C93-AB3F-D48EB69B7A05}.Release|Any CPU.Build.0 = Release|Any CPU
		{B8EAF87F-0E52-438F-A697-F20BFFFEB6AD}.Debug|Any CPU.ActiveCfg = Debug|Any CPU
		{B8EAF87F-0E52-438F-A697-F20BFFFEB6AD}.Debug|Any CPU.Build.0 = Debug|Any CPU
		{B8EAF87F-0E52-438F-A697-F20BFFFEB6AD}.Release|Any CPU.ActiveCfg = Release|Any CPU
		{B8EAF87F-0E52-438F-A697-F20BFFFEB6AD}.Release|Any CPU.Build.0 = Release|Any CPU
		{29185933-2F67-4946-A70F-4C762FBD49E5}.Debug|Any CPU.ActiveCfg = Debug|Any CPU
		{29185933-2F67-4946-A70F-4C762FBD49E5}.Debug|Any CPU.Build.0 = Debug|Any CPU
		{29185933-2F67-4946-A70F-4C762FBD49E5}.Release|Any CPU.ActiveCfg = Release|Any CPU
		{29185933-2F67-4946-A70F-4C762FBD49E5}.Release|Any CPU.Build.0 = Release|Any CPU
		{F902B997-2C82-49BB-A504-5CECDF1AB6CB}.Debug|Any CPU.ActiveCfg = Debug|Any CPU
		{F902B997-2C82-49BB-A504-5CECDF1AB6CB}.Debug|Any CPU.Build.0 = Debug|Any CPU
		{F902B997-2C82-49BB-A504-5CECDF1AB6CB}.Release|Any CPU.ActiveCfg = Release|Any CPU
		{F902B997-2C82-49BB-A504-5CECDF1AB6CB}.Release|Any CPU.Build.0 = Release|Any CPU
		{C2304D11-F39C-45A5-89A8-752B1A284BB2}.Debug|Any CPU.ActiveCfg = Debug|Any CPU
		{C2304D11-F39C-45A5-89A8-752B1A284BB2}.Debug|Any CPU.Build.0 = Debug|Any CPU
		{C2304D11-F39C-45A5-89A8-752B1A284BB2}.Release|Any CPU.ActiveCfg = Release|Any CPU
		{C2304D11-F39C-45A5-89A8-752B1A284BB2}.Release|Any CPU.Build.0 = Release|Any CPU
		{9728727B-5555-4ECE-8215-17158ED46C39}.Debug|Any CPU.ActiveCfg = Debug|Any CPU
		{9728727B-5555-4ECE-8215-17158ED46C39}.Debug|Any CPU.Build.0 = Debug|Any CPU
		{9728727B-5555-4ECE-8215-17158ED46C39}.Release|Any CPU.ActiveCfg = Release|Any CPU
		{9728727B-5555-4ECE-8215-17158ED46C39}.Release|Any CPU.Build.0 = Release|Any CPU
		{4C381755-9D75-44B5-A19F-224D10721DEB}.Debug|Any CPU.ActiveCfg = Debug|Any CPU
		{4C381755-9D75-44B5-A19F-224D10721DEB}.Debug|Any CPU.Build.0 = Debug|Any CPU
		{4C381755-9D75-44B5-A19F-224D10721DEB}.Release|Any CPU.ActiveCfg = Release|Any CPU
		{4C381755-9D75-44B5-A19F-224D10721DEB}.Release|Any CPU.Build.0 = Release|Any CPU
		{B8513BDC-A358-43E3-A581-4751B65D06FC}.Debug|Any CPU.ActiveCfg = Debug|Any CPU
		{B8513BDC-A358-43E3-A581-4751B65D06FC}.Debug|Any CPU.Build.0 = Debug|Any CPU
		{B8513BDC-A358-43E3-A581-4751B65D06FC}.Release|Any CPU.ActiveCfg = Release|Any CPU
		{B8513BDC-A358-43E3-A581-4751B65D06FC}.Release|Any CPU.Build.0 = Release|Any CPU
		{3BC7A8E9-BA61-47E6-909F-C4383239E249}.Debug|Any CPU.ActiveCfg = Debug|Any CPU
		{3BC7A8E9-BA61-47E6-909F-C4383239E249}.Debug|Any CPU.Build.0 = Debug|Any CPU
		{3BC7A8E9-BA61-47E6-909F-C4383239E249}.Release|Any CPU.ActiveCfg = Release|Any CPU
		{3BC7A8E9-BA61-47E6-909F-C4383239E249}.Release|Any CPU.Build.0 = Release|Any CPU
		{2CA43B54-EB0D-4114-A2C6-4B84B333A05D}.Debug|Any CPU.ActiveCfg = Debug|Any CPU
		{2CA43B54-EB0D-4114-A2C6-4B84B333A05D}.Debug|Any CPU.Build.0 = Debug|Any CPU
		{2CA43B54-EB0D-4114-A2C6-4B84B333A05D}.Release|Any CPU.ActiveCfg = Release|Any CPU
		{2CA43B54-EB0D-4114-A2C6-4B84B333A05D}.Release|Any CPU.Build.0 = Release|Any CPU
		{BFF71811-C117-439A-83C0-19872FFC9B5B}.Debug|Any CPU.ActiveCfg = Debug|Any CPU
		{BFF71811-C117-439A-83C0-19872FFC9B5B}.Debug|Any CPU.Build.0 = Debug|Any CPU
		{BFF71811-C117-439A-83C0-19872FFC9B5B}.Release|Any CPU.ActiveCfg = Release|Any CPU
		{BFF71811-C117-439A-83C0-19872FFC9B5B}.Release|Any CPU.Build.0 = Release|Any CPU
		{955499E8-6671-459D-B835-78A9D3104615}.Debug|Any CPU.ActiveCfg = Debug|Any CPU
		{955499E8-6671-459D-B835-78A9D3104615}.Debug|Any CPU.Build.0 = Debug|Any CPU
		{955499E8-6671-459D-B835-78A9D3104615}.Release|Any CPU.ActiveCfg = Release|Any CPU
		{955499E8-6671-459D-B835-78A9D3104615}.Release|Any CPU.Build.0 = Release|Any CPU
		{1B1E4683-5725-4D08-ABB0-C5E320EB2308}.Debug|Any CPU.ActiveCfg = Debug|Any CPU
		{1B1E4683-5725-4D08-ABB0-C5E320EB2308}.Debug|Any CPU.Build.0 = Debug|Any CPU
		{1B1E4683-5725-4D08-ABB0-C5E320EB2308}.Release|Any CPU.ActiveCfg = Release|Any CPU
		{1B1E4683-5725-4D08-ABB0-C5E320EB2308}.Release|Any CPU.Build.0 = Release|Any CPU
		{C7C4B0FB-0B84-41E6-9B4E-59FE6B60D9F4}.Debug|Any CPU.ActiveCfg = Debug|Any CPU
		{C7C4B0FB-0B84-41E6-9B4E-59FE6B60D9F4}.Debug|Any CPU.Build.0 = Debug|Any CPU
		{C7C4B0FB-0B84-41E6-9B4E-59FE6B60D9F4}.Release|Any CPU.ActiveCfg = Release|Any CPU
		{C7C4B0FB-0B84-41E6-9B4E-59FE6B60D9F4}.Release|Any CPU.Build.0 = Release|Any CPU
		{977C0646-3F54-4D3F-82CA-7FC60C6690BA}.Debug|Any CPU.ActiveCfg = Debug|Any CPU
		{977C0646-3F54-4D3F-82CA-7FC60C6690BA}.Debug|Any CPU.Build.0 = Debug|Any CPU
		{977C0646-3F54-4D3F-82CA-7FC60C6690BA}.Release|Any CPU.ActiveCfg = Release|Any CPU
		{977C0646-3F54-4D3F-82CA-7FC60C6690BA}.Release|Any CPU.Build.0 = Release|Any CPU
	EndGlobalSection
	GlobalSection(SolutionProperties) = preSolution
		HideSolutionNode = FALSE
	EndGlobalSection
	GlobalSection(NestedProjects) = preSolution
		{06D77FDF-06CD-4357-AF17-75FAC7734278} = {E828CC33-FB93-43D9-8F28-3C0B97A8CA53}
		{D75DE257-B007-49F0-8329-437FC6966168} = {E828CC33-FB93-43D9-8F28-3C0B97A8CA53}
		{673CAC05-79F7-4C93-AB3F-D48EB69B7A05} = {E828CC33-FB93-43D9-8F28-3C0B97A8CA53}
		{B8EAF87F-0E52-438F-A697-F20BFFFEB6AD} = {E828CC33-FB93-43D9-8F28-3C0B97A8CA53}
		{29185933-2F67-4946-A70F-4C762FBD49E5} = {E828CC33-FB93-43D9-8F28-3C0B97A8CA53}
		{F902B997-2C82-49BB-A504-5CECDF1AB6CB} = {FE10924D-942F-457F-9549-31694F9231D7}
		{C2304D11-F39C-45A5-89A8-752B1A284BB2} = {FE10924D-942F-457F-9549-31694F9231D7}
		{9728727B-5555-4ECE-8215-17158ED46C39} = {FE10924D-942F-457F-9549-31694F9231D7}
		{4C381755-9D75-44B5-A19F-224D10721DEB} = {FE10924D-942F-457F-9549-31694F9231D7}
		{B8513BDC-A358-43E3-A581-4751B65D06FC} = {A21CAEBA-425A-460A-A0E6-6E27231DDF65}
		{3BC7A8E9-BA61-47E6-909F-C4383239E249} = {A21CAEBA-425A-460A-A0E6-6E27231DDF65}
		{2CA43B54-EB0D-4114-A2C6-4B84B333A05D} = {A21CAEBA-425A-460A-A0E6-6E27231DDF65}
		{BFF71811-C117-439A-83C0-19872FFC9B5B} = {BFBBCBE3-B1C4-4E63-9A11-EE8256091705}
		{955499E8-6671-459D-B835-78A9D3104615} = {BFBBCBE3-B1C4-4E63-9A11-EE8256091705}
		{1B1E4683-5725-4D08-ABB0-C5E320EB2308} = {BFBBCBE3-B1C4-4E63-9A11-EE8256091705}
		{C7C4B0FB-0B84-41E6-9B4E-59FE6B60D9F4} = {BFBBCBE3-B1C4-4E63-9A11-EE8256091705}
		{977C0646-3F54-4D3F-82CA-7FC60C6690BA} = {BFBBCBE3-B1C4-4E63-9A11-EE8256091705}
	EndGlobalSection
	GlobalSection(ExtensibilityGlobals) = postSolution
		SolutionGuid = {904DA59B-39DC-4148-8AF0-BBDBD73467AF}
	EndGlobalSection
EndGlobal
